
Microsoft Visual Studio Solution File, Format Version 12.00
# Visual Studio Version 17
VisualStudioVersion = 17.8.34525.116
MinimumVisualStudioVersion = 10.0.40219.1
Project("{FAE04EC0-301F-11D3-BF4B-00C04F79EFBC}") = "observer_pattern3", "observer_pattern3\observer_pattern3.csproj", "{8E9ED151-2535-4062-B86D-86AC8614E468}"
EndProject
Global
	GlobalSection(SolutionConfigurationPlatforms) = preSolution
		Debug|Any CPU = Debug|Any CPU
		Release|Any CPU = Release|Any CPU
	EndGlobalSection
	GlobalSection(ProjectConfigurationPlatforms) = postSolution
		{8E9ED151-2535-4062-B86D-86AC8614E468}.Debug|Any CPU.ActiveCfg = Debug|Any CPU
		{8E9ED151-2535-4062-B86D-86AC8614E468}.Debug|Any CPU.Build.0 = Debug|Any CPU
		{8E9ED151-2535-4062-B86D-86AC8614E468}.Release|Any CPU.ActiveCfg = Release|Any CPU
		{8E9ED151-2535-4062-B86D-86AC8614E468}.Release|Any CPU.Build.0 = Release|Any CPU
	EndGlobalSection
	GlobalSection(SolutionProperties) = preSolution
		HideSolutionNode = FALSE
	EndGlobalSection
	GlobalSection(ExtensibilityGlobals) = postSolution
		SolutionGuid = {861A5542-AF73-4F61-8B2F-7BE06E1DB39C}
	EndGlobalSection
EndGlobal
